
Microsoft Visual Studio Solution File, Format Version 12.00
# Visual Studio Version 17
VisualStudioVersion = 17.3.32901.215
MinimumVisualStudioVersion = 10.0.40219.1
Project("{9A19103F-16F7-4668-BE54-9A1E7A4F7556}") = "HonoursProjectAlgorithmComparer", "HonoursProjectAlgorithmComparer\HonoursProjectAlgorithmComparer.csproj", "{40741641-C5B3-46E8-B9EB-44BA9931AEDB}"
EndProject
Project("{FAE04EC0-301F-11D3-BF4B-00C04F79EFBC}") = "HonoursTests", "HonoursTests\HonoursTests.csproj", "{0157741E-83C5-44B6-942A-9CCB5ABDA3FD}"
EndProject
Global
	GlobalSection(SolutionConfigurationPlatforms) = preSolution
		Debug|Any CPU = Debug|Any CPU
		Release|Any CPU = Release|Any CPU
	EndGlobalSection
	GlobalSection(ProjectConfigurationPlatforms) = postSolution
		{40741641-C5B3-46E8-B9EB-44BA9931AEDB}.Debug|Any CPU.ActiveCfg = Debug|Any CPU
		{40741641-C5B3-46E8-B9EB-44BA9931AEDB}.Debug|Any CPU.Build.0 = Debug|Any CPU
		{40741641-C5B3-46E8-B9EB-44BA9931AEDB}.Release|Any CPU.ActiveCfg = Release|Any CPU
		{40741641-C5B3-46E8-B9EB-44BA9931AEDB}.Release|Any CPU.Build.0 = Release|Any CPU
		{0157741E-83C5-44B6-942A-9CCB5ABDA3FD}.Debug|Any CPU.ActiveCfg = Debug|Any CPU
		{0157741E-83C5-44B6-942A-9CCB5ABDA3FD}.Debug|Any CPU.Build.0 = Debug|Any CPU
		{0157741E-83C5-44B6-942A-9CCB5ABDA3FD}.Release|Any CPU.ActiveCfg = Release|Any CPU
		{0157741E-83C5-44B6-942A-9CCB5ABDA3FD}.Release|Any CPU.Build.0 = Release|Any CPU
	EndGlobalSection
	GlobalSection(SolutionProperties) = preSolution
		HideSolutionNode = FALSE
	EndGlobalSection
	GlobalSection(ExtensibilityGlobals) = postSolution
		SolutionGuid = {830CA4B8-72D7-47CD-A955-0E19315EFABA}
	EndGlobalSection
EndGlobal
